
Microsoft Visual Studio Solution File, Format Version 12.00
# Blend for Visual Studio Version 16
VisualStudioVersion = 16.0.31829.152
MinimumVisualStudioVersion = 10.0.40219.1
Project("{FAE04EC0-301F-11D3-BF4B-00C04F79EFBC}") = "ZadachaWPF11.2", "ZadachaWPF11.2\ZadachaWPF11.2.csproj", "{F5FA601F-EE5C-4F91-8BEB-04CEBF54E512}"
EndProject
Global
	GlobalSection(SolutionConfigurationPlatforms) = preSolution
		Debug|Any CPU = Debug|Any CPU
		Release|Any CPU = Release|Any CPU
	EndGlobalSection
	GlobalSection(ProjectConfigurationPlatforms) = postSolution
		{F5FA601F-EE5C-4F91-8BEB-04CEBF54E512}.Debug|Any CPU.ActiveCfg = Debug|Any CPU
		{F5FA601F-EE5C-4F91-8BEB-04CEBF54E512}.Debug|Any CPU.Build.0 = Debug|Any CPU
		{F5FA601F-EE5C-4F91-8BEB-04CEBF54E512}.Release|Any CPU.ActiveCfg = Release|Any CPU
		{F5FA601F-EE5C-4F91-8BEB-04CEBF54E512}.Release|Any CPU.Build.0 = Release|Any CPU
	EndGlobalSection
	GlobalSection(SolutionProperties) = preSolution
		HideSolutionNode = FALSE
	EndGlobalSection
	GlobalSection(ExtensibilityGlobals) = postSolution
		SolutionGuid = {D56A9461-730F-415C-BD09-E459ABD90409}
	EndGlobalSection
EndGlobal
